{
  "version": 4,
  "terraform_version": "0.12.13",
  "serial": 33,
  "lineage": "758e01f0-a7cf-3b19-7a89-b9ef03419809",
  "outputs": {
    "url0_ip": {
      "value": "18.220.13.142",
      "type": "string"
    },
    "url1_ip": {
      "value": "3.17.14.227",
      "type": "string"
    }
  },
  "resources": [
    {
      "mode": "managed",
      "type": "aws_instance",
      "name": "url0",
      "provider": "provider.aws",
      "instances": [
        {
          "status": "tainted",
          "schema_version": 1,
          "attributes": {
            "ami": "ami-0d5d9d301c853a04a",
            "arn": "arn:aws:ec2:us-east-2:517368506986:instance/i-0868b8cfdf0a0e656",
            "associate_public_ip_address": true,
            "availability_zone": "us-east-2b",
            "cpu_core_count": 1,
            "cpu_threads_per_core": 1,
            "credit_specification": [
              {
                "cpu_credits": "standard"
              }
            ],
            "disable_api_termination": false,
            "ebs_block_device": [],
            "ebs_optimized": false,
            "ephemeral_block_device": [],
            "get_password_data": false,
            "host_id": null,
            "iam_instance_profile": "",
            "id": "i-0868b8cfdf0a0e656",
            "instance_initiated_shutdown_behavior": null,
            "instance_state": "running",
            "instance_type": "t2.micro",
            "ipv6_address_count": 0,
            "ipv6_addresses": [],
            "key_name": "terrakey",
            "monitoring": false,
            "network_interface": [],
            "network_interface_id": null,
            "password_data": "",
            "placement_group": "",
            "primary_network_interface_id": "eni-0d42daa14515b93e7",
            "private_dns": "ip-172-31-19-192.us-east-2.compute.internal",
            "private_ip": "172.31.19.192",
            "public_dns": "ec2-18-220-13-142.us-east-2.compute.amazonaws.com",
            "public_ip": "18.220.13.142",
            "root_block_device": [
              {
                "delete_on_termination": true,
                "encrypted": false,
                "iops": 100,
                "kms_key_id": "",
                "volume_id": "vol-08f86f0f45b935202",
                "volume_size": 8,
                "volume_type": "gp2"
              }
            ],
            "security_groups": [
              "cloud"
            ],
            "source_dest_check": true,
            "subnet_id": "subnet-be8bd8c4",
            "tags": null,
            "tenancy": "default",
            "timeouts": null,
            "user_data": null,
            "user_data_base64": null,
            "volume_tags": {},
            "vpc_security_group_ids": [
              "sg-03bf4ad9a70591b13"
            ]
          },
          "private": "eyJlMmJmYjczMC1lY2FhLTExZTYtOGY4OC0zNDM2M2JjN2M0YzAiOnsiY3JlYXRlIjo2MDAwMDAwMDAwMDAsImRlbGV0ZSI6MTIwMDAwMDAwMDAwMCwidXBkYXRlIjo2MDAwMDAwMDAwMDB9LCJzY2hlbWFfdmVyc2lvbiI6IjEifQ=="
        }
      ]
    },
    {
      "mode": "managed",
      "type": "aws_instance",
      "name": "url1",
      "provider": "provider.aws",
      "instances": [
        {
          "status": "tainted",
          "schema_version": 1,
          "attributes": {
            "ami": "ami-0d5d9d301c853a04a",
            "arn": "arn:aws:ec2:us-east-2:517368506986:instance/i-096f6a3f3a08c4ec3",
            "associate_public_ip_address": true,
            "availability_zone": "us-east-2b",
            "cpu_core_count": 1,
            "cpu_threads_per_core": 1,
            "credit_specification": [
              {
                "cpu_credits": "standard"
              }
            ],
            "disable_api_termination": false,
            "ebs_block_device": [],
            "ebs_optimized": false,
            "ephemeral_block_device": [],
            "get_password_data": false,
            "host_id": null,
            "iam_instance_profile": "",
            "id": "i-096f6a3f3a08c4ec3",
            "instance_initiated_shutdown_behavior": null,
            "instance_state": "running",
            "instance_type": "t2.micro",
            "ipv6_address_count": 0,
            "ipv6_addresses": [],
            "key_name": "terrakey",
            "monitoring": false,
            "network_interface": [],
            "network_interface_id": null,
            "password_data": "",
            "placement_group": "",
            "primary_network_interface_id": "eni-0e9ae122506042379",
            "private_dns": "ip-172-31-27-68.us-east-2.compute.internal",
            "private_ip": "172.31.27.68",
            "public_dns": "ec2-3-17-14-227.us-east-2.compute.amazonaws.com",
            "public_ip": "3.17.14.227",
            "root_block_device": [
              {
                "delete_on_termination": true,
                "encrypted": false,
                "iops": 100,
                "kms_key_id": "",
                "volume_id": "vol-0e142db6ad9303aa0",
                "volume_size": 8,
                "volume_type": "gp2"
              }
            ],
            "security_groups": [
              "cloud"
            ],
            "source_dest_check": true,
            "subnet_id": "subnet-be8bd8c4",
            "tags": null,
            "tenancy": "default",
            "timeouts": null,
            "user_data": null,
            "user_data_base64": null,
            "volume_tags": {},
            "vpc_security_group_ids": [
              "sg-03bf4ad9a70591b13"
            ]
          },
          "private": "eyJlMmJmYjczMC1lY2FhLTExZTYtOGY4OC0zNDM2M2JjN2M0YzAiOnsiY3JlYXRlIjo2MDAwMDAwMDAwMDAsImRlbGV0ZSI6MTIwMDAwMDAwMDAwMCwidXBkYXRlIjo2MDAwMDAwMDAwMDB9LCJzY2hlbWFfdmVyc2lvbiI6IjEifQ=="
        }
      ]
    }
  ]
}
